
Microsoft Visual Studio Solution File, Format Version 12.00
# Visual Studio 2013
VisualStudioVersion = 12.0.30501.0
MinimumVisualStudioVersion = 10.0.40219.1
Project("{FAE04EC0-301F-11D3-BF4B-00C04F79EFBC}") = "Tortuga", "WindowsFormsApplication1\Tortuga.csproj", "{1B2D8186-1F64-43F7-A171-B22DD0E50C38}"
EndProject
Project("{6141683F-8A12-4E36-9623-2EB02B2C2303}") = "Tortuga_Setup", "Tortuga_Setup\Tortuga_Setup.isproj", "{D6D47018-208E-43D5-A9F8-21A53247D703}"
EndProject
Global
	GlobalSection(SolutionConfigurationPlatforms) = preSolution
		CD_ROM|Any CPU = CD_ROM|Any CPU
		Debug|Any CPU = Debug|Any CPU
		DVD-5|Any CPU = DVD-5|Any CPU
		Release|Any CPU = Release|Any CPU
		SingleImage|Any CPU = SingleImage|Any CPU
	EndGlobalSection
	GlobalSection(ProjectConfigurationPlatforms) = postSolution
		{1B2D8186-1F64-43F7-A171-B22DD0E50C38}.CD_ROM|Any CPU.ActiveCfg = Release|Any CPU
		{1B2D8186-1F64-43F7-A171-B22DD0E50C38}.CD_ROM|Any CPU.Build.0 = Release|Any CPU
		{1B2D8186-1F64-43F7-A171-B22DD0E50C38}.Debug|Any CPU.ActiveCfg = Debug|Any CPU
		{1B2D8186-1F64-43F7-A171-B22DD0E50C38}.Debug|Any CPU.Build.0 = Debug|Any CPU
		{1B2D8186-1F64-43F7-A171-B22DD0E50C38}.DVD-5|Any CPU.ActiveCfg = Debug|Any CPU
		{1B2D8186-1F64-43F7-A171-B22DD0E50C38}.DVD-5|Any CPU.Build.0 = Debug|Any CPU
		{1B2D8186-1F64-43F7-A171-B22DD0E50C38}.Release|Any CPU.ActiveCfg = Release|Any CPU
		{1B2D8186-1F64-43F7-A171-B22DD0E50C38}.Release|Any CPU.Build.0 = Release|Any CPU
		{1B2D8186-1F64-43F7-A171-B22DD0E50C38}.SingleImage|Any CPU.ActiveCfg = Release|Any CPU
		{1B2D8186-1F64-43F7-A171-B22DD0E50C38}.SingleImage|Any CPU.Build.0 = Release|Any CPU
		{D6D47018-208E-43D5-A9F8-21A53247D703}.CD_ROM|Any CPU.ActiveCfg = CD_ROM
		{D6D47018-208E-43D5-A9F8-21A53247D703}.CD_ROM|Any CPU.Build.0 = CD_ROM
		{D6D47018-208E-43D5-A9F8-21A53247D703}.Debug|Any CPU.ActiveCfg = DVD-5
		{D6D47018-208E-43D5-A9F8-21A53247D703}.Debug|Any CPU.Build.0 = DVD-5
		{D6D47018-208E-43D5-A9F8-21A53247D703}.DVD-5|Any CPU.ActiveCfg = DVD-5
		{D6D47018-208E-43D5-A9F8-21A53247D703}.DVD-5|Any CPU.Build.0 = DVD-5
		{D6D47018-208E-43D5-A9F8-21A53247D703}.Release|Any CPU.ActiveCfg = SingleImage
		{D6D47018-208E-43D5-A9F8-21A53247D703}.Release|Any CPU.Build.0 = SingleImage
		{D6D47018-208E-43D5-A9F8-21A53247D703}.SingleImage|Any CPU.ActiveCfg = SingleImage
		{D6D47018-208E-43D5-A9F8-21A53247D703}.SingleImage|Any CPU.Build.0 = SingleImage
	EndGlobalSection
	GlobalSection(SolutionProperties) = preSolution
		HideSolutionNode = FALSE
	EndGlobalSection
EndGlobal
